
Microsoft Visual Studio Solution File, Format Version 12.00
# Visual Studio 15
VisualStudioVersion = 15.0.27703.2048
MinimumVisualStudioVersion = 10.0.40219.1
Project("{9A19103F-16F7-4668-BE54-9A1E7A4F7556}") = "Espeon", "Espeon\Espeon.csproj", "{D014462A-3996-4A33-8ED0-66F586BE98FE}"
EndProject
Project("{9A19103F-16F7-4668-BE54-9A1E7A4F7556}") = "Wumpus.Net.Bot", "..\Wumpus.Net-master\src\Wumpus.Net.Bot\Wumpus.Net.Bot.csproj", "{2A957C77-532C-401F-94AC-151940633255}"
EndProject
Project("{9A19103F-16F7-4668-BE54-9A1E7A4F7556}") = "Wumpus.Net.Core", "..\Wumpus.Net-master\src\Wumpus.Net.Core\Wumpus.Net.Core.csproj", "{9CDB1C59-5DD4-4BF5-A2F8-9EE2F86CCA6E}"
EndProject
Project("{9A19103F-16F7-4668-BE54-9A1E7A4F7556}") = "Wumpus.Net.Gateway", "..\Wumpus.Net-master\src\Wumpus.Net.Gateway\Wumpus.Net.Gateway.csproj", "{3368FD01-7ABE-43E4-8C51-00BB77D93F58}"
EndProject
Project("{9A19103F-16F7-4668-BE54-9A1E7A4F7556}") = "Wumpus.Net.Rest", "..\Wumpus.Net-master\src\Wumpus.Net.Rest\Wumpus.Net.Rest.csproj", "{F3C534A5-BF8B-4BE0-8539-16A31C13B180}"
EndProject
Global
	GlobalSection(SolutionConfigurationPlatforms) = preSolution
		Debug|Any CPU = Debug|Any CPU
		Release|Any CPU = Release|Any CPU
	EndGlobalSection
	GlobalSection(ProjectConfigurationPlatforms) = postSolution
		{D014462A-3996-4A33-8ED0-66F586BE98FE}.Debug|Any CPU.ActiveCfg = Debug|Any CPU
		{D014462A-3996-4A33-8ED0-66F586BE98FE}.Debug|Any CPU.Build.0 = Debug|Any CPU
		{D014462A-3996-4A33-8ED0-66F586BE98FE}.Release|Any CPU.ActiveCfg = Release|Any CPU
		{D014462A-3996-4A33-8ED0-66F586BE98FE}.Release|Any CPU.Build.0 = Release|Any CPU
		{2A957C77-532C-401F-94AC-151940633255}.Debug|Any CPU.ActiveCfg = Debug|Any CPU
		{2A957C77-532C-401F-94AC-151940633255}.Debug|Any CPU.Build.0 = Debug|Any CPU
		{2A957C77-532C-401F-94AC-151940633255}.Release|Any CPU.ActiveCfg = Release|Any CPU
		{2A957C77-532C-401F-94AC-151940633255}.Release|Any CPU.Build.0 = Release|Any CPU
		{9CDB1C59-5DD4-4BF5-A2F8-9EE2F86CCA6E}.Debug|Any CPU.ActiveCfg = Debug|Any CPU
		{9CDB1C59-5DD4-4BF5-A2F8-9EE2F86CCA6E}.Debug|Any CPU.Build.0 = Debug|Any CPU
		{9CDB1C59-5DD4-4BF5-A2F8-9EE2F86CCA6E}.Release|Any CPU.ActiveCfg = Release|Any CPU
		{9CDB1C59-5DD4-4BF5-A2F8-9EE2F86CCA6E}.Release|Any CPU.Build.0 = Release|Any CPU
		{3368FD01-7ABE-43E4-8C51-00BB77D93F58}.Debug|Any CPU.ActiveCfg = Debug|Any CPU
		{3368FD01-7ABE-43E4-8C51-00BB77D93F58}.Debug|Any CPU.Build.0 = Debug|Any CPU
		{3368FD01-7ABE-43E4-8C51-00BB77D93F58}.Release|Any CPU.ActiveCfg = Release|Any CPU
		{3368FD01-7ABE-43E4-8C51-00BB77D93F58}.Release|Any CPU.Build.0 = Release|Any CPU
		{F3C534A5-BF8B-4BE0-8539-16A31C13B180}.Debug|Any CPU.ActiveCfg = Debug|Any CPU
		{F3C534A5-BF8B-4BE0-8539-16A31C13B180}.Debug|Any CPU.Build.0 = Debug|Any CPU
		{F3C534A5-BF8B-4BE0-8539-16A31C13B180}.Release|Any CPU.ActiveCfg = Release|Any CPU
		{F3C534A5-BF8B-4BE0-8539-16A31C13B180}.Release|Any CPU.Build.0 = Release|Any CPU
	EndGlobalSection
	GlobalSection(SolutionProperties) = preSolution
		HideSolutionNode = FALSE
	EndGlobalSection
	GlobalSection(ExtensibilityGlobals) = postSolution
		SolutionGuid = {B996F2BF-8B20-4FB0-8081-637D9493B7DC}
	EndGlobalSection
EndGlobal
